// !$*UTF8*$!
{
	archiveVersion = 1;
	classes = {
	};
	objectVersion = 56;
	objects = {

/* Begin PBXBuildFile section */
		856D40B32BF7EC7D008B7B2B /* UIFonts+Extensions.swift in Sources */ = {isa = PBXBuildFile; fileRef = 856D40B22BF7EC7D008B7B2B /* UIFonts+Extensions.swift */; };
		858068D82BF7F86500927D26 /* UIColor+Extensions.swift in Sources */ = {isa = PBXBuildFile; fileRef = 858068D72BF7F86500927D26 /* UIColor+Extensions.swift */; };
		858068DB2BF7FA4000927D26 /* AppColors.swift in Sources */ = {isa = PBXBuildFile; fileRef = 858068DA2BF7FA4000927D26 /* AppColors.swift */; };
		85AD4DC12BAE1BAB00AAC387 /* AppDelegate.swift in Sources */ = {isa = PBXBuildFile; fileRef = 85AD4DC02BAE1BAB00AAC387 /* AppDelegate.swift */; };
		85AD4DC32BAE1BAB00AAC387 /* SceneDelegate.swift in Sources */ = {isa = PBXBuildFile; fileRef = 85AD4DC22BAE1BAB00AAC387 /* SceneDelegate.swift */; };
		85AD4DC52BAE1BAB00AAC387 /* ViewController.swift in Sources */ = {isa = PBXBuildFile; fileRef = 85AD4DC42BAE1BAB00AAC387 /* ViewController.swift */; };
		85AD4DCA2BAE1BAE00AAC387 /* Assets.xcassets in Resources */ = {isa = PBXBuildFile; fileRef = 85AD4DC92BAE1BAE00AAC387 /* Assets.xcassets */; };
		85AD4DCD2BAE1BAE00AAC387 /* LaunchScreen.storyboard in Resources */ = {isa = PBXBuildFile; fileRef = 85AD4DCB2BAE1BAE00AAC387 /* LaunchScreen.storyboard */; };
		85AD4DD82BAE1BAE00AAC387 /* FoodDeliveryTests.swift in Sources */ = {isa = PBXBuildFile; fileRef = 85AD4DD72BAE1BAE00AAC387 /* FoodDeliveryTests.swift */; };
		85AD4DE22BAE1BAE00AAC387 /* FoodDeliveryUITests.swift in Sources */ = {isa = PBXBuildFile; fileRef = 85AD4DE12BAE1BAE00AAC387 /* FoodDeliveryUITests.swift */; };
		85AD4DE42BAE1BAE00AAC387 /* FoodDeliveryUITestsLaunchTests.swift in Sources */ = {isa = PBXBuildFile; fileRef = 85AD4DE32BAE1BAE00AAC387 /* FoodDeliveryUITestsLaunchTests.swift */; };
		85C66EE12BBA06CD00F77AB5 /* Roboto-Medium.ttf in Resources */ = {isa = PBXBuildFile; fileRef = 85C66ED42BBA06CC00F77AB5 /* Roboto-Medium.ttf */; };
		85C66EE22BBA06CD00F77AB5 /* Roboto-Light.ttf in Resources */ = {isa = PBXBuildFile; fileRef = 85C66ED52BBA06CC00F77AB5 /* Roboto-Light.ttf */; };
		85C66EE32BBA06CD00F77AB5 /* Roboto-Regular.ttf in Resources */ = {isa = PBXBuildFile; fileRef = 85C66ED62BBA06CC00F77AB5 /* Roboto-Regular.ttf */; };
		85C66EE42BBA06CD00F77AB5 /* Roboto-MediumItalic.ttf in Resources */ = {isa = PBXBuildFile; fileRef = 85C66ED72BBA06CC00F77AB5 /* Roboto-MediumItalic.ttf */; };
		85C66EE52BBA06CD00F77AB5 /* Roboto-ThinItalic.ttf in Resources */ = {isa = PBXBuildFile; fileRef = 85C66ED82BBA06CC00F77AB5 /* Roboto-ThinItalic.ttf */; };
		85C66EE62BBA06CD00F77AB5 /* Roboto-BoldItalic.ttf in Resources */ = {isa = PBXBuildFile; fileRef = 85C66ED92BBA06CC00F77AB5 /* Roboto-BoldItalic.ttf */; };
		85C66EE72BBA06CD00F77AB5 /* Roboto-LightItalic.ttf in Resources */ = {isa = PBXBuildFile; fileRef = 85C66EDA2BBA06CC00F77AB5 /* Roboto-LightItalic.ttf */; };
		85C66EE82BBA06CD00F77AB5 /* Roboto-Italic.ttf in Resources */ = {isa = PBXBuildFile; fileRef = 85C66EDB2BBA06CC00F77AB5 /* Roboto-Italic.ttf */; };
		85C66EE92BBA06CD00F77AB5 /* LICENSE.txt in Resources */ = {isa = PBXBuildFile; fileRef = 85C66EDC2BBA06CC00F77AB5 /* LICENSE.txt */; };
		85C66EEA2BBA06CD00F77AB5 /* Roboto-BlackItalic.ttf in Resources */ = {isa = PBXBuildFile; fileRef = 85C66EDD2BBA06CC00F77AB5 /* Roboto-BlackItalic.ttf */; };
		85C66EEB2BBA06CD00F77AB5 /* Roboto-Bold.ttf in Resources */ = {isa = PBXBuildFile; fileRef = 85C66EDE2BBA06CC00F77AB5 /* Roboto-Bold.ttf */; };
		85C66EEC2BBA06CD00F77AB5 /* Roboto-Thin.ttf in Resources */ = {isa = PBXBuildFile; fileRef = 85C66EDF2BBA06CC00F77AB5 /* Roboto-Thin.ttf */; };
		85C66EED2BBA06CD00F77AB5 /* Roboto-Black.ttf in Resources */ = {isa = PBXBuildFile; fileRef = 85C66EE02BBA06CC00F77AB5 /* Roboto-Black.ttf */; };
/* End PBXBuildFile section */

/* Begin PBXContainerItemProxy section */
		85AD4DD42BAE1BAE00AAC387 /* PBXContainerItemProxy */ = {
			isa = PBXContainerItemProxy;
			containerPortal = 85AD4DB52BAE1BAB00AAC387 /* Project object */;
			proxyType = 1;
			remoteGlobalIDString = 85AD4DBC2BAE1BAB00AAC387;
			remoteInfo = FoodDelivery;
		};
		85AD4DDE2BAE1BAE00AAC387 /* PBXContainerItemProxy */ = {
			isa = PBXContainerItemProxy;
			containerPortal = 85AD4DB52BAE1BAB00AAC387 /* Project object */;
			proxyType = 1;
			remoteGlobalIDString = 85AD4DBC2BAE1BAB00AAC387;
			remoteInfo = FoodDelivery;
		};
/* End PBXContainerItemProxy section */

/* Begin PBXFileReference section */
		856D40B22BF7EC7D008B7B2B /* UIFonts+Extensions.swift */ = {isa = PBXFileReference; lastKnownFileType = sourcecode.swift; path = "UIFonts+Extensions.swift"; sourceTree = "<group>"; };
		858068D72BF7F86500927D26 /* UIColor+Extensions.swift */ = {isa = PBXFileReference; lastKnownFileType = sourcecode.swift; path = "UIColor+Extensions.swift"; sourceTree = "<group>"; };
		858068DA2BF7FA4000927D26 /* AppColors.swift */ = {isa = PBXFileReference; lastKnownFileType = sourcecode.swift; path = AppColors.swift; sourceTree = "<group>"; };
		85AD4DBD2BAE1BAB00AAC387 /* FoodDelivery.app */ = {isa = PBXFileReference; explicitFileType = wrapper.application; includeInIndex = 0; path = FoodDelivery.app; sourceTree = BUILT_PRODUCTS_DIR; };
		85AD4DC02BAE1BAB00AAC387 /* AppDelegate.swift */ = {isa = PBXFileReference; lastKnownFileType = sourcecode.swift; path = AppDelegate.swift; sourceTree = "<group>"; };
		85AD4DC22BAE1BAB00AAC387 /* SceneDelegate.swift */ = {isa = PBXFileReference; lastKnownFileType = sourcecode.swift; path = SceneDelegate.swift; sourceTree = "<group>"; };
		85AD4DC42BAE1BAB00AAC387 /* ViewController.swift */ = {isa = PBXFileReference; lastKnownFileType = sourcecode.swift; path = ViewController.swift; sourceTree = "<group>"; };
		85AD4DC92BAE1BAE00AAC387 /* Assets.xcassets */ = {isa = PBXFileReference; lastKnownFileType = folder.assetcatalog; path = Assets.xcassets; sourceTree = "<group>"; };
		85AD4DCC2BAE1BAE00AAC387 /* Base */ = {isa = PBXFileReference; lastKnownFileType = file.storyboard; name = Base; path = Base.lproj/LaunchScreen.storyboard; sourceTree = "<group>"; };
		85AD4DCE2BAE1BAE00AAC387 /* Info.plist */ = {isa = PBXFileReference; lastKnownFileType = text.plist.xml; path = Info.plist; sourceTree = "<group>"; };
		85AD4DD32BAE1BAE00AAC387 /* FoodDeliveryTests.xctest */ = {isa = PBXFileReference; explicitFileType = wrapper.cfbundle; includeInIndex = 0; path = FoodDeliveryTests.xctest; sourceTree = BUILT_PRODUCTS_DIR; };
		85AD4DD72BAE1BAE00AAC387 /* FoodDeliveryTests.swift */ = {isa = PBXFileReference; lastKnownFileType = sourcecode.swift; path = FoodDeliveryTests.swift; sourceTree = "<group>"; };
		85AD4DDD2BAE1BAE00AAC387 /* FoodDeliveryUITests.xctest */ = {isa = PBXFileReference; explicitFileType = wrapper.cfbundle; includeInIndex = 0; path = FoodDeliveryUITests.xctest; sourceTree = BUILT_PRODUCTS_DIR; };
		85AD4DE12BAE1BAE00AAC387 /* FoodDeliveryUITests.swift */ = {isa = PBXFileReference; lastKnownFileType = sourcecode.swift; path = FoodDeliveryUITests.swift; sourceTree = "<group>"; };
		85AD4DE32BAE1BAE00AAC387 /* FoodDeliveryUITestsLaunchTests.swift */ = {isa = PBXFileReference; lastKnownFileType = sourcecode.swift; path = FoodDeliveryUITestsLaunchTests.swift; sourceTree = "<group>"; };
		85C66ED42BBA06CC00F77AB5 /* Roboto-Medium.ttf */ = {isa = PBXFileReference; lastKnownFileType = file; path = "Roboto-Medium.ttf"; sourceTree = "<group>"; };
		85C66ED52BBA06CC00F77AB5 /* Roboto-Light.ttf */ = {isa = PBXFileReference; lastKnownFileType = file; path = "Roboto-Light.ttf"; sourceTree = "<group>"; };
		85C66ED62BBA06CC00F77AB5 /* Roboto-Regular.ttf */ = {isa = PBXFileReference; lastKnownFileType = file; path = "Roboto-Regular.ttf"; sourceTree = "<group>"; };
		85C66ED72BBA06CC00F77AB5 /* Roboto-MediumItalic.ttf */ = {isa = PBXFileReference; lastKnownFileType = file; path = "Roboto-MediumItalic.ttf"; sourceTree = "<group>"; };
		85C66ED82BBA06CC00F77AB5 /* Roboto-ThinItalic.ttf */ = {isa = PBXFileReference; lastKnownFileType = file; path = "Roboto-ThinItalic.ttf"; sourceTree = "<group>"; };
		85C66ED92BBA06CC00F77AB5 /* Roboto-BoldItalic.ttf */ = {isa = PBXFileReference; lastKnownFileType = file; path = "Roboto-BoldItalic.ttf"; sourceTree = "<group>"; };
		85C66EDA2BBA06CC00F77AB5 /* Roboto-LightItalic.ttf */ = {isa = PBXFileReference; lastKnownFileType = file; path = "Roboto-LightItalic.ttf"; sourceTree = "<group>"; };
		85C66EDB2BBA06CC00F77AB5 /* Roboto-Italic.ttf */ = {isa = PBXFileReference; lastKnownFileType = file; path = "Roboto-Italic.ttf"; sourceTree = "<group>"; };
		85C66EDC2BBA06CC00F77AB5 /* LICENSE.txt */ = {isa = PBXFileReference; fileEncoding = 4; lastKnownFileType = text; path = LICENSE.txt; sourceTree = "<group>"; };
		85C66EDD2BBA06CC00F77AB5 /* Roboto-BlackItalic.ttf */ = {isa = PBXFileReference; lastKnownFileType = file; path = "Roboto-BlackItalic.ttf"; sourceTree = "<group>"; };
		85C66EDE2BBA06CC00F77AB5 /* Roboto-Bold.ttf */ = {isa = PBXFileReference; lastKnownFileType = file; path = "Roboto-Bold.ttf"; sourceTree = "<group>"; };
		85C66EDF2BBA06CC00F77AB5 /* Roboto-Thin.ttf */ = {isa = PBXFileReference; lastKnownFileType = file; path = "Roboto-Thin.ttf"; sourceTree = "<group>"; };
		85C66EE02BBA06CC00F77AB5 /* Roboto-Black.ttf */ = {isa = PBXFileReference; lastKnownFileType = file; path = "Roboto-Black.ttf"; sourceTree = "<group>"; };
/* End PBXFileReference section */

/* Begin PBXFrameworksBuildPhase section */
		85AD4DBA2BAE1BAB00AAC387 /* Frameworks */ = {
			isa = PBXFrameworksBuildPhase;
			buildActionMask = 2147483647;
			files = (
			);
			runOnlyForDeploymentPostprocessing = 0;
		};
		85AD4DD02BAE1BAE00AAC387 /* Frameworks */ = {
			isa = PBXFrameworksBuildPhase;
			buildActionMask = 2147483647;
			files = (
			);
			runOnlyForDeploymentPostprocessing = 0;
		};
		85AD4DDA2BAE1BAE00AAC387 /* Frameworks */ = {
			isa = PBXFrameworksBuildPhase;
			buildActionMask = 2147483647;
			files = (
			);
			runOnlyForDeploymentPostprocessing = 0;
		};
/* End PBXFrameworksBuildPhase section */

/* Begin PBXGroup section */
		856D40B12BF7EC50008B7B2B /* Extensions */ = {
			isa = PBXGroup;
			children = (
				856D40B22BF7EC7D008B7B2B /* UIFonts+Extensions.swift */,
				858068D72BF7F86500927D26 /* UIColor+Extensions.swift */,
			);
			path = Extensions;
			sourceTree = "<group>";
		};
		85AD4DB42BAE1BAB00AAC387 = {
			isa = PBXGroup;
			children = (
				85AD4DBF2BAE1BAB00AAC387 /* FoodDelivery */,
				85AD4DD62BAE1BAE00AAC387 /* FoodDeliveryTests */,
				85AD4DE02BAE1BAE00AAC387 /* FoodDeliveryUITests */,
				85AD4DBE2BAE1BAB00AAC387 /* Products */,
			);
			sourceTree = "<group>";
		};
		85AD4DBE2BAE1BAB00AAC387 /* Products */ = {
			isa = PBXGroup;
			children = (
				85AD4DBD2BAE1BAB00AAC387 /* FoodDelivery.app */,
				85AD4DD32BAE1BAE00AAC387 /* FoodDeliveryTests.xctest */,
				85AD4DDD2BAE1BAE00AAC387 /* FoodDeliveryUITests.xctest */,
			);
			name = Products;
			sourceTree = "<group>";
		};
		85AD4DBF2BAE1BAB00AAC387 /* FoodDelivery */ = {
			isa = PBXGroup;
			children = (
				85AD4DC02BAE1BAB00AAC387 /* AppDelegate.swift */,
				85C66ED12BBA06AE00F77AB5 /* Resources */,
				85AD4DC22BAE1BAB00AAC387 /* SceneDelegate.swift */,
				85AD4DC42BAE1BAB00AAC387 /* ViewController.swift */,
				85AD4DC92BAE1BAE00AAC387 /* Assets.xcassets */,
				85AD4DCB2BAE1BAE00AAC387 /* LaunchScreen.storyboard */,
				85AD4DCE2BAE1BAE00AAC387 /* Info.plist */,
			);
			path = FoodDelivery;
			sourceTree = "<group>";
		};
		85AD4DD62BAE1BAE00AAC387 /* FoodDeliveryTests */ = {
			isa = PBXGroup;
			children = (
				85AD4DD72BAE1BAE00AAC387 /* FoodDeliveryTests.swift */,
			);
			path = FoodDeliveryTests;
			sourceTree = "<group>";
		};
		85AD4DE02BAE1BAE00AAC387 /* FoodDeliveryUITests */ = {
			isa = PBXGroup;
			children = (
				85AD4DE12BAE1BAE00AAC387 /* FoodDeliveryUITests.swift */,
				85AD4DE32BAE1BAE00AAC387 /* FoodDeliveryUITestsLaunchTests.swift */,
			);
			path = FoodDeliveryUITests;
			sourceTree = "<group>";
		};
		85C66ED12BBA06AE00F77AB5 /* Resources */ = {
			isa = PBXGroup;
			children = (
				85C66ED22BBA06BC00F77AB5 /* Fonts */,
			);
			path = Resources;
			sourceTree = "<group>";
		};
		85C66ED22BBA06BC00F77AB5 /* Fonts */ = {
			isa = PBXGroup;
			children = (
				856D40B12BF7EC50008B7B2B /* Extensions */,
				85C66ED32BBA06CC00F77AB5 /* Roboto */,
				858068DA2BF7FA4000927D26 /* AppColors.swift */,
			);
			path = Fonts;
			sourceTree = "<group>";
		};
		85C66ED32BBA06CC00F77AB5 /* Roboto */ = {
			isa = PBXGroup;
			children = (
				85C66ED42BBA06CC00F77AB5 /* Roboto-Medium.ttf */,
				85C66ED52BBA06CC00F77AB5 /* Roboto-Light.ttf */,
				85C66ED62BBA06CC00F77AB5 /* Roboto-Regular.ttf */,
				85C66ED72BBA06CC00F77AB5 /* Roboto-MediumItalic.ttf */,
				85C66ED82BBA06CC00F77AB5 /* Roboto-ThinItalic.ttf */,
				85C66ED92BBA06CC00F77AB5 /* Roboto-BoldItalic.ttf */,
				85C66EDA2BBA06CC00F77AB5 /* Roboto-LightItalic.ttf */,
				85C66EDB2BBA06CC00F77AB5 /* Roboto-Italic.ttf */,
				85C66EDC2BBA06CC00F77AB5 /* LICENSE.txt */,
				85C66EDD2BBA06CC00F77AB5 /* Roboto-BlackItalic.ttf */,
				85C66EDE2BBA06CC00F77AB5 /* Roboto-Bold.ttf */,
				85C66EDF2BBA06CC00F77AB5 /* Roboto-Thin.ttf */,
				85C66EE02BBA06CC00F77AB5 /* Roboto-Black.ttf */,
			);
			path = Roboto;
			sourceTree = "<group>";
		};
/* End PBXGroup section */

/* Begin PBXNativeTarget section */
		85AD4DBC2BAE1BAB00AAC387 /* FoodDelivery */ = {
			isa = PBXNativeTarget;
			buildConfigurationList = 85AD4DE72BAE1BAE00AAC387 /* Build configuration list for PBXNativeTarget "FoodDelivery" */;
			buildPhases = (
				85AD4DB92BAE1BAB00AAC387 /* Sources */,
				85AD4DBA2BAE1BAB00AAC387 /* Frameworks */,
				85AD4DBB2BAE1BAB00AAC387 /* Resources */,
			);
			buildRules = (
			);
			dependencies = (
			);
			name = FoodDelivery;
			productName = FoodDelivery;
			productReference = 85AD4DBD2BAE1BAB00AAC387 /* FoodDelivery.app */;
			productType = "com.apple.product-type.application";
		};
		85AD4DD22BAE1BAE00AAC387 /* FoodDeliveryTests */ = {
			isa = PBXNativeTarget;
			buildConfigurationList = 85AD4DEA2BAE1BAE00AAC387 /* Build configuration list for PBXNativeTarget "FoodDeliveryTests" */;
			buildPhases = (
				85AD4DCF2BAE1BAE00AAC387 /* Sources */,
				85AD4DD02BAE1BAE00AAC387 /* Frameworks */,
				85AD4DD12BAE1BAE00AAC387 /* Resources */,
			);
			buildRules = (
			);
			dependencies = (
				85AD4DD52BAE1BAE00AAC387 /* PBXTargetDependency */,
			);
			name = FoodDeliveryTests;
			productName = FoodDeliveryTests;
			productReference = 85AD4DD32BAE1BAE00AAC387 /* FoodDeliveryTests.xctest */;
			productType = "com.apple.product-type.bundle.unit-test";
		};
		85AD4DDC2BAE1BAE00AAC387 /* FoodDeliveryUITests */ = {
			isa = PBXNativeTarget;
			buildConfigurationList = 85AD4DED2BAE1BAE00AAC387 /* Build configuration list for PBXNativeTarget "FoodDeliveryUITests" */;
			buildPhases = (
				85AD4DD92BAE1BAE00AAC387 /* Sources */,
				85AD4DDA2BAE1BAE00AAC387 /* Frameworks */,
				85AD4DDB2BAE1BAE00AAC387 /* Resources */,
			);
			buildRules = (
			);
			dependencies = (
				85AD4DDF2BAE1BAE00AAC387 /* PBXTargetDependency */,
			);
			name = FoodDeliveryUITests;
			productName = FoodDeliveryUITests;
			productReference = 85AD4DDD2BAE1BAE00AAC387 /* FoodDeliveryUITests.xctest */;
			productType = "com.apple.product-type.bundle.ui-testing";
		};
/* End PBXNativeTarget section */

/* Begin PBXProject section */
		85AD4DB52BAE1BAB00AAC387 /* Project object */ = {
			isa = PBXProject;
			attributes = {
				BuildIndependentTargetsInParallel = 1;
				LastSwiftUpdateCheck = 1520;
				LastUpgradeCheck = 1520;
				TargetAttributes = {
					85AD4DBC2BAE1BAB00AAC387 = {
						CreatedOnToolsVersion = 15.2;
					};
					85AD4DD22BAE1BAE00AAC387 = {
						CreatedOnToolsVersion = 15.2;
						TestTargetID = 85AD4DBC2BAE1BAB00AAC387;
					};
					85AD4DDC2BAE1BAE00AAC387 = {
						CreatedOnToolsVersion = 15.2;
						TestTargetID = 85AD4DBC2BAE1BAB00AAC387;
					};
				};
			};
			buildConfigurationList = 85AD4DB82BAE1BAB00AAC387 /* Build configuration list for PBXProject "FoodDelivery" */;
			compatibilityVersion = "Xcode 14.0";
			developmentRegion = en;
			hasScannedForEncodings = 0;
			knownRegions = (
				en,
				Base,
			);
			mainGroup = 85AD4DB42BAE1BAB00AAC387;
			productRefGroup = 85AD4DBE2BAE1BAB00AAC387 /* Products */;
			projectDirPath = "";
			projectRoot = "";
			targets = (
				85AD4DBC2BAE1BAB00AAC387 /* FoodDelivery */,
				85AD4DD22BAE1BAE00AAC387 /* FoodDeliveryTests */,
				85AD4DDC2BAE1BAE00AAC387 /* FoodDeliveryUITests */,
			);
		};
/* End PBXProject section */

/* Begin PBXResourcesBuildPhase section */
		85AD4DBB2BAE1BAB00AAC387 /* Resources */ = {
			isa = PBXResourcesBuildPhase;
			buildActionMask = 2147483647;
			files = (
				85C66EEC2BBA06CD00F77AB5 /* Roboto-Thin.ttf in Resources */,
				85C66EE92BBA06CD00F77AB5 /* LICENSE.txt in Resources */,
				85C66EED2BBA06CD00F77AB5 /* Roboto-Black.ttf in Resources */,
				85C66EEB2BBA06CD00F77AB5 /* Roboto-Bold.ttf in Resources */,
				85AD4DCD2BAE1BAE00AAC387 /* LaunchScreen.storyboard in Resources */,
				85AD4DCA2BAE1BAE00AAC387 /* Assets.xcassets in Resources */,
				85C66EE62BBA06CD00F77AB5 /* Roboto-BoldItalic.ttf in Resources */,
				85C66EE32BBA06CD00F77AB5 /* Roboto-Regular.ttf in Resources */,
				85C66EE52BBA06CD00F77AB5 /* Roboto-ThinItalic.ttf in Resources */,
				85C66EE72BBA06CD00F77AB5 /* Roboto-LightItalic.ttf in Resources */,
				85C66EEA2BBA06CD00F77AB5 /* Roboto-BlackItalic.ttf in Resources */,
				85C66EE22BBA06CD00F77AB5 /* Roboto-Light.ttf in Resources */,
				85C66EE82BBA06CD00F77AB5 /* Roboto-Italic.ttf in Resources */,
				85C66EE42BBA06CD00F77AB5 /* Roboto-MediumItalic.ttf in Resources */,
				85C66EE12BBA06CD00F77AB5 /* Roboto-Medium.ttf in Resources */,
			);
			runOnlyForDeploymentPostprocessing = 0;
		};
		85AD4DD12BAE1BAE00AAC387 /* Resources */ = {
			isa = PBXResourcesBuildPhase;
			buildActionMask = 2147483647;
			files = (
			);
			runOnlyForDeploymentPostprocessing = 0;
		};
		85AD4DDB2BAE1BAE00AAC387 /* Resources */ = {
			isa = PBXResourcesBuildPhase;
			buildActionMask = 2147483647;
			files = (
			);
			runOnlyForDeploymentPostprocessing = 0;
		};
/* End PBXResourcesBuildPhase section */

/* Begin PBXSourcesBuildPhase section */
		85AD4DB92BAE1BAB00AAC387 /* Sources */ = {
			isa = PBXSourcesBuildPhase;
			buildActionMask = 2147483647;
			files = (
				85AD4DC52BAE1BAB00AAC387 /* ViewController.swift in Sources */,
				858068D82BF7F86500927D26 /* UIColor+Extensions.swift in Sources */,
				85AD4DC12BAE1BAB00AAC387 /* AppDelegate.swift in Sources */,
				858068DB2BF7FA4000927D26 /* AppColors.swift in Sources */,
				856D40B32BF7EC7D008B7B2B /* UIFonts+Extensions.swift in Sources */,
				85AD4DC32BAE1BAB00AAC387 /* SceneDelegate.swift in Sources */,
			);
			runOnlyForDeploymentPostprocessing = 0;
		};
		85AD4DCF2BAE1BAE00AAC387 /* Sources */ = {
			isa = PBXSourcesBuildPhase;
			buildActionMask = 2147483647;
			files = (
				85AD4DD82BAE1BAE00AAC387 /* FoodDeliveryTests.swift in Sources */,
			);
			runOnlyForDeploymentPostprocessing = 0;
		};
		85AD4DD92BAE1BAE00AAC387 /* Sources */ = {
			isa = PBXSourcesBuildPhase;
			buildActionMask = 2147483647;
			files = (
				85AD4DE42BAE1BAE00AAC387 /* FoodDeliveryUITestsLaunchTests.swift in Sources */,
				85AD4DE22BAE1BAE00AAC387 /* FoodDeliveryUITests.swift in Sources */,
			);
			runOnlyForDeploymentPostprocessing = 0;
		};
/* End PBXSourcesBuildPhase section */

/* Begin PBXTargetDependency section */
		85AD4DD52BAE1BAE00AAC387 /* PBXTargetDependency */ = {
			isa = PBXTargetDependency;
			target = 85AD4DBC2BAE1BAB00AAC387 /* FoodDelivery */;
			targetProxy = 85AD4DD42BAE1BAE00AAC387 /* PBXContainerItemProxy */;
		};
		85AD4DDF2BAE1BAE00AAC387 /* PBXTargetDependency */ = {
			isa = PBXTargetDependency;
			target = 85AD4DBC2BAE1BAB00AAC387 /* FoodDelivery */;
			targetProxy = 85AD4DDE2BAE1BAE00AAC387 /* PBXContainerItemProxy */;
		};
/* End PBXTargetDependency section */

/* Begin PBXVariantGroup section */
		85AD4DCB2BAE1BAE00AAC387 /* LaunchScreen.storyboard */ = {
			isa = PBXVariantGroup;
			children = (
				85AD4DCC2BAE1BAE00AAC387 /* Base */,
			);
			name = LaunchScreen.storyboard;
			sourceTree = "<group>";
		};
/* End PBXVariantGroup section */

/* Begin XCBuildConfiguration section */
		85AD4DE52BAE1BAE00AAC387 /* Debug */ = {
			isa = XCBuildConfiguration;
			buildSettings = {
				ALWAYS_SEARCH_USER_PATHS = NO;
				ASSETCATALOG_COMPILER_GENERATE_SWIFT_ASSET_SYMBOL_EXTENSIONS = YES;
				CLANG_ANALYZER_NONNULL = YES;
				CLANG_ANALYZER_NUMBER_OBJECT_CONVERSION = YES_AGGRESSIVE;
				CLANG_CXX_LANGUAGE_STANDARD = "gnu++20";
				CLANG_ENABLE_MODULES = YES;
				CLANG_ENABLE_OBJC_ARC = YES;
				CLANG_ENABLE_OBJC_WEAK = YES;
				CLANG_WARN_BLOCK_CAPTURE_AUTORELEASING = YES;
				CLANG_WARN_BOOL_CONVERSION = YES;
				CLANG_WARN_COMMA = YES;
				CLANG_WARN_CONSTANT_CONVERSION = YES;
				CLANG_WARN_DEPRECATED_OBJC_IMPLEMENTATIONS = YES;
				CLANG_WARN_DIRECT_OBJC_ISA_USAGE = YES_ERROR;
				CLANG_WARN_DOCUMENTATION_COMMENTS = YES;
				CLANG_WARN_EMPTY_BODY = YES;
				CLANG_WARN_ENUM_CONVERSION = YES;
				CLANG_WARN_INFINITE_RECURSION = YES;
				CLANG_WARN_INT_CONVERSION = YES;
				CLANG_WARN_NON_LITERAL_NULL_CONVERSION = YES;
				CLANG_WARN_OBJC_IMPLICIT_RETAIN_SELF = YES;
				CLANG_WARN_OBJC_LITERAL_CONVERSION = YES;
				CLANG_WARN_OBJC_ROOT_CLASS = YES_ERROR;
				CLANG_WARN_QUOTED_INCLUDE_IN_FRAMEWORK_HEADER = YES;
				CLANG_WARN_RANGE_LOOP_ANALYSIS = YES;
				CLANG_WARN_STRICT_PROTOTYPES = YES;
				CLANG_WARN_SUSPICIOUS_MOVE = YES;
				CLANG_WARN_UNGUARDED_AVAILABILITY = YES_AGGRESSIVE;
				CLANG_WARN_UNREACHABLE_CODE = YES;
				CLANG_WARN__DUPLICATE_METHOD_MATCH = YES;
				COPY_PHASE_STRIP = NO;
				DEBUG_INFORMATION_FORMAT = dwarf;
				ENABLE_STRICT_OBJC_MSGSEND = YES;
				ENABLE_TESTABILITY = YES;
				ENABLE_USER_SCRIPT_SANDBOXING = YES;
				GCC_C_LANGUAGE_STANDARD = gnu17;
				GCC_DYNAMIC_NO_PIC = NO;
				GCC_NO_COMMON_BLOCKS = YES;
				GCC_OPTIMIZATION_LEVEL = 0;
				GCC_PREPROCESSOR_DEFINITIONS = (
					"DEBUG=1",
					"$(inherited)",
				);
				GCC_WARN_64_TO_32_BIT_CONVERSION = YES;
				GCC_WARN_ABOUT_RETURN_TYPE = YES_ERROR;
				GCC_WARN_UNDECLARED_SELECTOR = YES;
				GCC_WARN_UNINITIALIZED_AUTOS = YES_AGGRESSIVE;
				GCC_WARN_UNUSED_FUNCTION = YES;
				GCC_WARN_UNUSED_VARIABLE = YES;
				IPHONEOS_DEPLOYMENT_TARGET = 17.2;
				LOCALIZATION_PREFERS_STRING_CATALOGS = YES;
				MTL_ENABLE_DEBUG_INFO = INCLUDE_SOURCE;
				MTL_FAST_MATH = YES;
				ONLY_ACTIVE_ARCH = YES;
				SDKROOT = iphoneos;
				SWIFT_ACTIVE_COMPILATION_CONDITIONS = "DEBUG $(inherited)";
				SWIFT_OPTIMIZATION_LEVEL = "-Onone";
			};
			name = Debug;
		};
		85AD4DE62BAE1BAE00AAC387 /* Release */ = {
			isa = XCBuildConfiguration;
			buildSettings = {
				ALWAYS_SEARCH_USER_PATHS = NO;
				ASSETCATALOG_COMPILER_GENERATE_SWIFT_ASSET_SYMBOL_EXTENSIONS = YES;
				CLANG_ANALYZER_NONNULL = YES;
				CLANG_ANALYZER_NUMBER_OBJECT_CONVERSION = YES_AGGRESSIVE;
				CLANG_CXX_LANGUAGE_STANDARD = "gnu++20";
				CLANG_ENABLE_MODULES = YES;
				CLANG_ENABLE_OBJC_ARC = YES;
				CLANG_ENABLE_OBJC_WEAK = YES;
				CLANG_WARN_BLOCK_CAPTURE_AUTORELEASING = YES;
				CLANG_WARN_BOOL_CONVERSION = YES;
				CLANG_WARN_COMMA = YES;
				CLANG_WARN_CONSTANT_CONVERSION = YES;
				CLANG_WARN_DEPRECATED_OBJC_IMPLEMENTATIONS = YES;
				CLANG_WARN_DIRECT_OBJC_ISA_USAGE = YES_ERROR;
				CLANG_WARN_DOCUMENTATION_COMMENTS = YES;
				CLANG_WARN_EMPTY_BODY = YES;
				CLANG_WARN_ENUM_CONVERSION = YES;
				CLANG_WARN_INFINITE_RECURSION = YES;
				CLANG_WARN_INT_CONVERSION = YES;
				CLANG_WARN_NON_LITERAL_NULL_CONVERSION = YES;
				CLANG_WARN_OBJC_IMPLICIT_RETAIN_SELF = YES;
				CLANG_WARN_OBJC_LITERAL_CONVERSION = YES;
				CLANG_WARN_OBJC_ROOT_CLASS = YES_ERROR;
				CLANG_WARN_QUOTED_INCLUDE_IN_FRAMEWORK_HEADER = YES;
				CLANG_WARN_RANGE_LOOP_ANALYSIS = YES;
				CLANG_WARN_STRICT_PROTOTYPES = YES;
				CLANG_WARN_SUSPICIOUS_MOVE = YES;
				CLANG_WARN_UNGUARDED_AVAILABILITY = YES_AGGRESSIVE;
				CLANG_WARN_UNREACHABLE_CODE = YES;
				CLANG_WARN__DUPLICATE_METHOD_MATCH = YES;
				COPY_PHASE_STRIP = NO;
				DEBUG_INFORMATION_FORMAT = "dwarf-with-dsym";
				ENABLE_NS_ASSERTIONS = NO;
				ENABLE_STRICT_OBJC_MSGSEND = YES;
				ENABLE_USER_SCRIPT_SANDBOXING = YES;
				GCC_C_LANGUAGE_STANDARD = gnu17;
				GCC_NO_COMMON_BLOCKS = YES;
				GCC_WARN_64_TO_32_BIT_CONVERSION = YES;
				GCC_WARN_ABOUT_RETURN_TYPE = YES_ERROR;
				GCC_WARN_UNDECLARED_SELECTOR = YES;
				GCC_WARN_UNINITIALIZED_AUTOS = YES_AGGRESSIVE;
				GCC_WARN_UNUSED_FUNCTION = YES;
				GCC_WARN_UNUSED_VARIABLE = YES;
				IPHONEOS_DEPLOYMENT_TARGET = 17.2;
				LOCALIZATION_PREFERS_STRING_CATALOGS = YES;
				MTL_ENABLE_DEBUG_INFO = NO;
				MTL_FAST_MATH = YES;
				SDKROOT = iphoneos;
				SWIFT_COMPILATION_MODE = wholemodule;
				VALIDATE_PRODUCT = YES;
			};
			name = Release;
		};
		85AD4DE82BAE1BAE00AAC387 /* Debug */ = {
			isa = XCBuildConfiguration;
			buildSettings = {
				ASSETCATALOG_COMPILER_APPICON_NAME = AppIcon;
				ASSETCATALOG_COMPILER_GLOBAL_ACCENT_COLOR_NAME = AccentColor;
				CODE_SIGN_STYLE = Automatic;
				CURRENT_PROJECT_VERSION = 1;
				DEVELOPMENT_TEAM = LFLMJ46Z7V;
				GENERATE_INFOPLIST_FILE = YES;
				INFOPLIST_FILE = FoodDelivery/Info.plist;
				INFOPLIST_KEY_UIApplicationSupportsIndirectInputEvents = YES;
				INFOPLIST_KEY_UILaunchStoryboardName = LaunchScreen;
				INFOPLIST_KEY_UIMainStoryboardFile = "";
				INFOPLIST_KEY_UISupportedInterfaceOrientations_iPad = "UIInterfaceOrientationPortrait UIInterfaceOrientationPortraitUpsideDown UIInterfaceOrientationLandscapeLeft UIInterfaceOrientationLandscapeRight";
				INFOPLIST_KEY_UISupportedInterfaceOrientations_iPhone = "UIInterfaceOrientationPortrait UIInterfaceOrientationLandscapeLeft UIInterfaceOrientationLandscapeRight";
				LD_RUNPATH_SEARCH_PATHS = (
					"$(inherited)",
					"@executable_path/Frameworks",
				);
				MARKETING_VERSION = 1.0;
				PRODUCT_BUNDLE_IDENTIFIER = "Alex-Makey.FoodDelivery";
				PRODUCT_NAME = "$(TARGET_NAME)";
				SWIFT_EMIT_LOC_STRINGS = YES;
				SWIFT_VERSION = 5.0;
				TARGETED_DEVICE_FAMILY = "1,2";
			};
			name = Debug;
		};
		85AD4DE92BAE1BAE00AAC387 /* Release */ = {
			isa = XCBuildConfiguration;
			buildSettings = {
				ASSETCATALOG_COMPILER_APPICON_NAME = AppIcon;
				ASSETCATALOG_COMPILER_GLOBAL_ACCENT_COLOR_NAME = AccentColor;
				CODE_SIGN_STYLE = Automatic;
				CURRENT_PROJECT_VERSION = 1;
				DEVELOPMENT_TEAM = LFLMJ46Z7V;
				GENERATE_INFOPLIST_FILE = YES;
				INFOPLIST_FILE = FoodDelivery/Info.plist;
				INFOPLIST_KEY_UIApplicationSupportsIndirectInputEvents = YES;
				INFOPLIST_KEY_UILaunchStoryboardName = LaunchScreen;
				INFOPLIST_KEY_UIMainStoryboardFile = "";
				INFOPLIST_KEY_UISupportedInterfaceOrientations_iPad = "UIInterfaceOrientationPortrait UIInterfaceOrientationPortraitUpsideDown UIInterfaceOrientationLandscapeLeft UIInterfaceOrientationLandscapeRight";
				INFOPLIST_KEY_UISupportedInterfaceOrientations_iPhone = "UIInterfaceOrientationPortrait UIInterfaceOrientationLandscapeLeft UIInterfaceOrientationLandscapeRight";
				LD_RUNPATH_SEARCH_PATHS = (
					"$(inherited)",
					"@executable_path/Frameworks",
				);
				MARKETING_VERSION = 1.0;
				PRODUCT_BUNDLE_IDENTIFIER = "Alex-Makey.FoodDelivery";
				PRODUCT_NAME = "$(TARGET_NAME)";
				SWIFT_EMIT_LOC_STRINGS = YES;
				SWIFT_VERSION = 5.0;
				TARGETED_DEVICE_FAMILY = "1,2";
			};
			name = Release;
		};
		85AD4DEB2BAE1BAE00AAC387 /* Debug */ = {
			isa = XCBuildConfiguration;
			buildSettings = {
				ALWAYS_EMBED_SWIFT_STANDARD_LIBRARIES = YES;
				BUNDLE_LOADER = "$(TEST_HOST)";
				CODE_SIGN_STYLE = Automatic;
				CURRENT_PROJECT_VERSION = 1;
				DEVELOPMENT_TEAM = LFLMJ46Z7V;
				GENERATE_INFOPLIST_FILE = YES;
				IPHONEOS_DEPLOYMENT_TARGET = 17.2;
				MARKETING_VERSION = 1.0;
				PRODUCT_BUNDLE_IDENTIFIER = "Alex-Makey.FoodDeliveryTests";
				PRODUCT_NAME = "$(TARGET_NAME)";
				SWIFT_EMIT_LOC_STRINGS = NO;
				SWIFT_VERSION = 5.0;
				TARGETED_DEVICE_FAMILY = "1,2";
				TEST_HOST = "$(BUILT_PRODUCTS_DIR)/FoodDelivery.app/$(BUNDLE_EXECUTABLE_FOLDER_PATH)/FoodDelivery";
			};
			name = Debug;
		};
		85AD4DEC2BAE1BAE00AAC387 /* Release */ = {
			isa = XCBuildConfiguration;
			buildSettings = {
				ALWAYS_EMBED_SWIFT_STANDARD_LIBRARIES = YES;
				BUNDLE_LOADER = "$(TEST_HOST)";
				CODE_SIGN_STYLE = Automatic;
				CURRENT_PROJECT_VERSION = 1;
				DEVELOPMENT_TEAM = LFLMJ46Z7V;
				GENERATE_INFOPLIST_FILE = YES;
				IPHONEOS_DEPLOYMENT_TARGET = 17.2;
				MARKETING_VERSION = 1.0;
				PRODUCT_BUNDLE_IDENTIFIER = "Alex-Makey.FoodDeliveryTests";
				PRODUCT_NAME = "$(TARGET_NAME)";
				SWIFT_EMIT_LOC_STRINGS = NO;
				SWIFT_VERSION = 5.0;
				TARGETED_DEVICE_FAMILY = "1,2";
				TEST_HOST = "$(BUILT_PRODUCTS_DIR)/FoodDelivery.app/$(BUNDLE_EXECUTABLE_FOLDER_PATH)/FoodDelivery";
			};
			name = Release;
		};
		85AD4DEE2BAE1BAE00AAC387 /* Debug */ = {
			isa = XCBuildConfiguration;
			buildSettings = {
				ALWAYS_EMBED_SWIFT_STANDARD_LIBRARIES = YES;
				CODE_SIGN_STYLE = Automatic;
				CURRENT_PROJECT_VERSION = 1;
				DEVELOPMENT_TEAM = LFLMJ46Z7V;
				GENERATE_INFOPLIST_FILE = YES;
				MARKETING_VERSION = 1.0;
				PRODUCT_BUNDLE_IDENTIFIER = "Alex-Makey.FoodDeliveryUITests";
				PRODUCT_NAME = "$(TARGET_NAME)";
				SWIFT_EMIT_LOC_STRINGS = NO;
				SWIFT_VERSION = 5.0;
				TARGETED_DEVICE_FAMILY = "1,2";
				TEST_TARGET_NAME = FoodDelivery;
			};
			name = Debug;
		};
		85AD4DEF2BAE1BAE00AAC387 /* Release */ = {
			isa = XCBuildConfiguration;
			buildSettings = {
				ALWAYS_EMBED_SWIFT_STANDARD_LIBRARIES = YES;
				CODE_SIGN_STYLE = Automatic;
				CURRENT_PROJECT_VERSION = 1;
				DEVELOPMENT_TEAM = LFLMJ46Z7V;
				GENERATE_INFOPLIST_FILE = YES;
				MARKETING_VERSION = 1.0;
				PRODUCT_BUNDLE_IDENTIFIER = "Alex-Makey.FoodDeliveryUITests";
				PRODUCT_NAME = "$(TARGET_NAME)";
				SWIFT_EMIT_LOC_STRINGS = NO;
				SWIFT_VERSION = 5.0;
				TARGETED_DEVICE_FAMILY = "1,2";
				TEST_TARGET_NAME = FoodDelivery;
			};
			name = Release;
		};
/* End XCBuildConfiguration section */

/* Begin XCConfigurationList section */
		85AD4DB82BAE1BAB00AAC387 /* Build configuration list for PBXProject "FoodDelivery" */ = {
			isa = XCConfigurationList;
			buildConfigurations = (
				85AD4DE52BAE1BAE00AAC387 /* Debug */,
				85AD4DE62BAE1BAE00AAC387 /* Release */,
			);
			defaultConfigurationIsVisible = 0;
			defaultConfigurationName = Release;
		};
		85AD4DE72BAE1BAE00AAC387 /* Build configuration list for PBXNativeTarget "FoodDelivery" */ = {
			isa = XCConfigurationList;
			buildConfigurations = (
				85AD4DE82BAE1BAE00AAC387 /* Debug */,
				85AD4DE92BAE1BAE00AAC387 /* Release */,
			);
			defaultConfigurationIsVisible = 0;
			defaultConfigurationName = Release;
		};
		85AD4DEA2BAE1BAE00AAC387 /* Build configuration list for PBXNativeTarget "FoodDeliveryTests" */ = {
			isa = XCConfigurationList;
			buildConfigurations = (
				85AD4DEB2BAE1BAE00AAC387 /* Debug */,
				85AD4DEC2BAE1BAE00AAC387 /* Release */,
			);
			defaultConfigurationIsVisible = 0;
			defaultConfigurationName = Release;
		};
		85AD4DED2BAE1BAE00AAC387 /* Build configuration list for PBXNativeTarget "FoodDeliveryUITests" */ = {
			isa = XCConfigurationList;
			buildConfigurations = (
				85AD4DEE2BAE1BAE00AAC387 /* Debug */,
				85AD4DEF2BAE1BAE00AAC387 /* Release */,
			);
			defaultConfigurationIsVisible = 0;
			defaultConfigurationName = Release;
		};
/* End XCConfigurationList section */
	};
	rootObject = 85AD4DB52BAE1BAB00AAC387 /* Project object */;
}
